// !$*UTF8*$!
{
	archiveVersion = 1;
	classes = {
	};
	objectVersion = 50;
	objects = {

/* Begin PBXBuildFile section */
		5717207325BEBDB80074DE72 /* UserInfoManager.swift in Sources */ = {isa = PBXBuildFile; fileRef = 5717207225BEBDB80074DE72 /* UserInfoManager.swift */; };
		57798EC625BFFC25004B7D91 /* Tutorial.storyboard in Resources */ = {isa = PBXBuildFile; fileRef = 57798EC525BFFC25004B7D91 /* Tutorial.storyboard */; };
		57798EC925BFFF6C004B7D91 /* Utils.swift in Sources */ = {isa = PBXBuildFile; fileRef = 57798EC825BFFF6C004B7D91 /* Utils.swift */; };
		57798ECC25C00525004B7D91 /* TutorialContentsVC.swift in Sources */ = {isa = PBXBuildFile; fileRef = 57798ECB25C00525004B7D91 /* TutorialContentsVC.swift */; };
		57798ED425C0085A004B7D91 /* TutorialMasterVC.swift in Sources */ = {isa = PBXBuildFile; fileRef = 57798ED325C0085A004B7D91 /* TutorialMasterVC.swift */; };
		57CED17825BA569600719DAA /* CSLogButton.swift in Sources */ = {isa = PBXBuildFile; fileRef = 57CED17725BA569600719DAA /* CSLogButton.swift */; };
		57CED17F25BA581900719DAA /* memo-background@2x.png in Resources */ = {isa = PBXBuildFile; fileRef = 57CED17C25BA581900719DAA /* memo-background@2x.png */; };
		57CED18025BA581900719DAA /* warning-icon-60@2x.png in Resources */ = {isa = PBXBuildFile; fileRef = 57CED17D25BA581900719DAA /* warning-icon-60@2x.png */; };
		57CED1EE25BAB24600719DAA /* SWRevealViewController.m in Sources */ = {isa = PBXBuildFile; fileRef = 57CED1EC25BAB24600719DAA /* SWRevealViewController.m */; };
		57CED1FC25BAB35000719DAA /* icon03.png in Resources */ = {isa = PBXBuildFile; fileRef = 57CED1F025BAB35000719DAA /* icon03.png */; };
		57CED1FD25BAB35000719DAA /* icon05.png in Resources */ = {isa = PBXBuildFile; fileRef = 57CED1F125BAB35000719DAA /* icon05.png */; };
		57CED1FF25BAB35000719DAA /* icon01.png in Resources */ = {isa = PBXBuildFile; fileRef = 57CED1F325BAB35000719DAA /* icon01.png */; };
		57CED20025BAB35000719DAA /* icon04.png in Resources */ = {isa = PBXBuildFile; fileRef = 57CED1F425BAB35000719DAA /* icon04.png */; };
		57CED20125BAB35000719DAA /* account@2x.jpg in Resources */ = {isa = PBXBuildFile; fileRef = 57CED1F525BAB35000719DAA /* account@2x.jpg */; };
		57CED20325BAB35000719DAA /* icon06.png in Resources */ = {isa = PBXBuildFile; fileRef = 57CED1F725BAB35000719DAA /* icon06.png */; };
		57CED20425BAB35000719DAA /* button-bg.png in Resources */ = {isa = PBXBuildFile; fileRef = 57CED1F825BAB35000719DAA /* button-bg.png */; };
		57CED20525BAB35000719DAA /* profile-bg.png in Resources */ = {isa = PBXBuildFile; fileRef = 57CED1F925BAB35000719DAA /* profile-bg.png */; };
		57CED20625BAB35000719DAA /* icon02.png in Resources */ = {isa = PBXBuildFile; fileRef = 57CED1FA25BAB35000719DAA /* icon02.png */; };
		57CED20725BAB35000719DAA /* sidemenu.png in Resources */ = {isa = PBXBuildFile; fileRef = 57CED1FB25BAB35000719DAA /* sidemenu.png */; };
		57CED20D25BAB60300719DAA /* SideBarVC.swift in Sources */ = {isa = PBXBuildFile; fileRef = 57CED20C25BAB60300719DAA /* SideBarVC.swift */; };
		57CED21025BABEB900719DAA /* ProfileVC.swift in Sources */ = {isa = PBXBuildFile; fileRef = 57CED20F25BABEB900719DAA /* ProfileVC.swift */; };
		57EE7FF625B541F300907A96 /* AppDelegate.swift in Sources */ = {isa = PBXBuildFile; fileRef = 57EE7FF525B541F300907A96 /* AppDelegate.swift */; };
		57EE7FF825B541F300907A96 /* SceneDelegate.swift in Sources */ = {isa = PBXBuildFile; fileRef = 57EE7FF725B541F300907A96 /* SceneDelegate.swift */; };
		57EE7FFD25B541F300907A96 /* Main.storyboard in Resources */ = {isa = PBXBuildFile; fileRef = 57EE7FFB25B541F300907A96 /* Main.storyboard */; };
		57EE800025B541F300907A96 /* MyMemory.xcdatamodeld in Sources */ = {isa = PBXBuildFile; fileRef = 57EE7FFE25B541F300907A96 /* MyMemory.xcdatamodeld */; };
		57EE800225B541F400907A96 /* Assets.xcassets in Resources */ = {isa = PBXBuildFile; fileRef = 57EE800125B541F400907A96 /* Assets.xcassets */; };
		57EE800525B541F400907A96 /* LaunchScreen.storyboard in Resources */ = {isa = PBXBuildFile; fileRef = 57EE800325B541F400907A96 /* LaunchScreen.storyboard */; };
		57EE801025B5539100907A96 /* MemoListVC.swift in Sources */ = {isa = PBXBuildFile; fileRef = 57EE800F25B5539100907A96 /* MemoListVC.swift */; };
		57EE801325B553C100907A96 /* MemoReadVC.swift in Sources */ = {isa = PBXBuildFile; fileRef = 57EE801225B553C100907A96 /* MemoReadVC.swift */; };
		57EE801625B553E300907A96 /* MemoFormVC.swift in Sources */ = {isa = PBXBuildFile; fileRef = 57EE801525B553E300907A96 /* MemoFormVC.swift */; };
		57EE801B25B554AA00907A96 /* MemoCell.swift in Sources */ = {isa = PBXBuildFile; fileRef = 57EE801A25B554AA00907A96 /* MemoCell.swift */; };
		57EE801E25B554F000907A96 /* MemoData.swift in Sources */ = {isa = PBXBuildFile; fileRef = 57EE801D25B554F000907A96 /* MemoData.swift */; };
/* End PBXBuildFile section */

/* Begin PBXFileReference section */
		5717207225BEBDB80074DE72 /* UserInfoManager.swift */ = {isa = PBXFileReference; lastKnownFileType = sourcecode.swift; path = UserInfoManager.swift; sourceTree = "<group>"; };
		57798EC525BFFC25004B7D91 /* Tutorial.storyboard */ = {isa = PBXFileReference; lastKnownFileType = file.storyboard; path = Tutorial.storyboard; sourceTree = "<group>"; };
		57798EC825BFFF6C004B7D91 /* Utils.swift */ = {isa = PBXFileReference; lastKnownFileType = sourcecode.swift; path = Utils.swift; sourceTree = "<group>"; };
		57798ECB25C00525004B7D91 /* TutorialContentsVC.swift */ = {isa = PBXFileReference; lastKnownFileType = sourcecode.swift; path = TutorialContentsVC.swift; sourceTree = "<group>"; };
		57798ED325C0085A004B7D91 /* TutorialMasterVC.swift */ = {isa = PBXFileReference; lastKnownFileType = sourcecode.swift; path = TutorialMasterVC.swift; sourceTree = "<group>"; };
		57CED17725BA569600719DAA /* CSLogButton.swift */ = {isa = PBXFileReference; lastKnownFileType = sourcecode.swift; path = CSLogButton.swift; sourceTree = "<group>"; };
		57CED17C25BA581900719DAA /* memo-background@2x.png */ = {isa = PBXFileReference; lastKnownFileType = image.png; path = "memo-background@2x.png"; sourceTree = "<group>"; };
		57CED17D25BA581900719DAA /* warning-icon-60@2x.png */ = {isa = PBXFileReference; lastKnownFileType = image.png; path = "warning-icon-60@2x.png"; sourceTree = "<group>"; };
		57CED1EB25BAB24500719DAA /* MyMemory-Bridging-Header.h */ = {isa = PBXFileReference; lastKnownFileType = sourcecode.c.h; path = "MyMemory-Bridging-Header.h"; sourceTree = "<group>"; };
		57CED1EC25BAB24600719DAA /* SWRevealViewController.m */ = {isa = PBXFileReference; fileEncoding = 4; lastKnownFileType = sourcecode.c.objc; path = SWRevealViewController.m; sourceTree = "<group>"; };
		57CED1ED25BAB24600719DAA /* SWRevealViewController.h */ = {isa = PBXFileReference; fileEncoding = 4; lastKnownFileType = sourcecode.c.h; path = SWRevealViewController.h; sourceTree = "<group>"; };
		57CED1F025BAB35000719DAA /* icon03.png */ = {isa = PBXFileReference; lastKnownFileType = image.png; path = icon03.png; sourceTree = "<group>"; };
		57CED1F125BAB35000719DAA /* icon05.png */ = {isa = PBXFileReference; lastKnownFileType = image.png; path = icon05.png; sourceTree = "<group>"; };
		57CED1F325BAB35000719DAA /* icon01.png */ = {isa = PBXFileReference; lastKnownFileType = image.png; path = icon01.png; sourceTree = "<group>"; };
		57CED1F425BAB35000719DAA /* icon04.png */ = {isa = PBXFileReference; lastKnownFileType = image.png; path = icon04.png; sourceTree = "<group>"; };
		57CED1F525BAB35000719DAA /* account@2x.jpg */ = {isa = PBXFileReference; lastKnownFileType = image.jpeg; path = "account@2x.jpg"; sourceTree = "<group>"; };
		57CED1F725BAB35000719DAA /* icon06.png */ = {isa = PBXFileReference; lastKnownFileType = image.png; path = icon06.png; sourceTree = "<group>"; };
		57CED1F825BAB35000719DAA /* button-bg.png */ = {isa = PBXFileReference; lastKnownFileType = image.png; name = "button-bg.png"; path = "../../../../Downloads/swift_practice/MyMemory-Chapter04/Resources/button-bg.png"; sourceTree = "<group>"; };
		57CED1F925BAB35000719DAA /* profile-bg.png */ = {isa = PBXFileReference; lastKnownFileType = image.png; path = "profile-bg.png"; sourceTree = "<group>"; };
		57CED1FA25BAB35000719DAA /* icon02.png */ = {isa = PBXFileReference; lastKnownFileType = image.png; path = icon02.png; sourceTree = "<group>"; };
		57CED1FB25BAB35000719DAA /* sidemenu.png */ = {isa = PBXFileReference; lastKnownFileType = image.png; path = sidemenu.png; sourceTree = "<group>"; };
		57CED20C25BAB60300719DAA /* SideBarVC.swift */ = {isa = PBXFileReference; lastKnownFileType = sourcecode.swift; path = SideBarVC.swift; sourceTree = "<group>"; };
		57CED20F25BABEB900719DAA /* ProfileVC.swift */ = {isa = PBXFileReference; lastKnownFileType = sourcecode.swift; path = ProfileVC.swift; sourceTree = "<group>"; };
		57EE7FF225B541F300907A96 /* MyMemory.app */ = {isa = PBXFileReference; explicitFileType = wrapper.application; includeInIndex = 0; path = MyMemory.app; sourceTree = BUILT_PRODUCTS_DIR; };
		57EE7FF525B541F300907A96 /* AppDelegate.swift */ = {isa = PBXFileReference; lastKnownFileType = sourcecode.swift; path = AppDelegate.swift; sourceTree = "<group>"; };
		57EE7FF725B541F300907A96 /* SceneDelegate.swift */ = {isa = PBXFileReference; lastKnownFileType = sourcecode.swift; path = SceneDelegate.swift; sourceTree = "<group>"; };
		57EE7FFC25B541F300907A96 /* Base */ = {isa = PBXFileReference; lastKnownFileType = file.storyboard; name = Base; path = Base.lproj/Main.storyboard; sourceTree = "<group>"; };
		57EE7FFF25B541F300907A96 /* MyMemory.xcdatamodel */ = {isa = PBXFileReference; lastKnownFileType = wrapper.xcdatamodel; path = MyMemory.xcdatamodel; sourceTree = "<group>"; };
		57EE800125B541F400907A96 /* Assets.xcassets */ = {isa = PBXFileReference; lastKnownFileType = folder.assetcatalog; path = Assets.xcassets; sourceTree = "<group>"; };
		57EE800425B541F400907A96 /* Base */ = {isa = PBXFileReference; lastKnownFileType = file.storyboard; name = Base; path = Base.lproj/LaunchScreen.storyboard; sourceTree = "<group>"; };
		57EE800625B541F400907A96 /* Info.plist */ = {isa = PBXFileReference; lastKnownFileType = text.plist.xml; path = Info.plist; sourceTree = "<group>"; };
		57EE800F25B5539100907A96 /* MemoListVC.swift */ = {isa = PBXFileReference; lastKnownFileType = sourcecode.swift; path = MemoListVC.swift; sourceTree = "<group>"; };
		57EE801225B553C100907A96 /* MemoReadVC.swift */ = {isa = PBXFileReference; lastKnownFileType = sourcecode.swift; path = MemoReadVC.swift; sourceTree = "<group>"; };
		57EE801525B553E300907A96 /* MemoFormVC.swift */ = {isa = PBXFileReference; lastKnownFileType = sourcecode.swift; path = MemoFormVC.swift; sourceTree = "<group>"; };
		57EE801A25B554AA00907A96 /* MemoCell.swift */ = {isa = PBXFileReference; lastKnownFileType = sourcecode.swift; path = MemoCell.swift; sourceTree = "<group>"; };
		57EE801D25B554F000907A96 /* MemoData.swift */ = {isa = PBXFileReference; lastKnownFileType = sourcecode.swift; path = MemoData.swift; sourceTree = "<group>"; };
/* End PBXFileReference section */

/* Begin PBXFrameworksBuildPhase section */
		57EE7FEF25B541F300907A96 /* Frameworks */ = {
			isa = PBXFrameworksBuildPhase;
			buildActionMask = 2147483647;
			files = (
			);
			runOnlyForDeploymentPostprocessing = 0;
		};
/* End PBXFrameworksBuildPhase section */

/* Begin PBXGroup section */
		57798ED125C00690004B7D91 /* Tutorial */ = {
			isa = PBXGroup;
			children = (
				57798EC525BFFC25004B7D91 /* Tutorial.storyboard */,
				57798ED325C0085A004B7D91 /* TutorialMasterVC.swift */,
				57798ECB25C00525004B7D91 /* TutorialContentsVC.swift */,
			);
			name = Tutorial;
			sourceTree = "<group>";
		};
		57CED17A25BA580D00719DAA /* Resources */ = {
			isa = PBXGroup;
			children = (
				57CED1F525BAB35000719DAA /* account@2x.jpg */,
				57CED1F825BAB35000719DAA /* button-bg.png */,
				57CED1F325BAB35000719DAA /* icon01.png */,
				57CED1FA25BAB35000719DAA /* icon02.png */,
				57CED1F025BAB35000719DAA /* icon03.png */,
				57CED1F425BAB35000719DAA /* icon04.png */,
				57CED1F125BAB35000719DAA /* icon05.png */,
				57CED1F725BAB35000719DAA /* icon06.png */,
				57CED1F925BAB35000719DAA /* profile-bg.png */,
				57CED1FB25BAB35000719DAA /* sidemenu.png */,
				57CED17C25BA581900719DAA /* memo-background@2x.png */,
				57CED17D25BA581900719DAA /* warning-icon-60@2x.png */,
			);
			path = Resources;
			sourceTree = "<group>";
		};
		57EE7FE925B541F300907A96 = {
			isa = PBXGroup;
			children = (
				57CED17A25BA580D00719DAA /* Resources */,
				57EE7FF425B541F300907A96 /* MyMemory */,
				57EE7FF325B541F300907A96 /* Products */,
			);
			sourceTree = "<group>";
		};
		57EE7FF325B541F300907A96 /* Products */ = {
			isa = PBXGroup;
			children = (
				57EE7FF225B541F300907A96 /* MyMemory.app */,
			);
			name = Products;
			sourceTree = "<group>";
		};
		57EE7FF425B541F300907A96 /* MyMemory */ = {
			isa = PBXGroup;
			children = (
				57798ED125C00690004B7D91 /* Tutorial */,
				57EE7FF525B541F300907A96 /* AppDelegate.swift */,
				57EE7FF725B541F300907A96 /* SceneDelegate.swift */,
				57EE7FFB25B541F300907A96 /* Main.storyboard */,
				57CED20C25BAB60300719DAA /* SideBarVC.swift */,
				57CED20F25BABEB900719DAA /* ProfileVC.swift */,
				5717207225BEBDB80074DE72 /* UserInfoManager.swift */,
				57CED17725BA569600719DAA /* CSLogButton.swift */,
				57EE801D25B554F000907A96 /* MemoData.swift */,
				57EE801A25B554AA00907A96 /* MemoCell.swift */,
				57798EC825BFFF6C004B7D91 /* Utils.swift */,
				57EE800F25B5539100907A96 /* MemoListVC.swift */,
				57CED1ED25BAB24600719DAA /* SWRevealViewController.h */,
				57CED1EC25BAB24600719DAA /* SWRevealViewController.m */,
				57EE801225B553C100907A96 /* MemoReadVC.swift */,
				57EE801525B553E300907A96 /* MemoFormVC.swift */,
				57EE800125B541F400907A96 /* Assets.xcassets */,
				57EE800325B541F400907A96 /* LaunchScreen.storyboard */,
				57EE800625B541F400907A96 /* Info.plist */,
				57EE7FFE25B541F300907A96 /* MyMemory.xcdatamodeld */,
				57CED1EB25BAB24500719DAA /* MyMemory-Bridging-Header.h */,
			);
			path = MyMemory;
			sourceTree = "<group>";
		};
/* End PBXGroup section */

/* Begin PBXNativeTarget section */
		57EE7FF125B541F300907A96 /* MyMemory */ = {
			isa = PBXNativeTarget;
			buildConfigurationList = 57EE800925B541F400907A96 /* Build configuration list for PBXNativeTarget "MyMemory" */;
			buildPhases = (
				57EE7FEE25B541F300907A96 /* Sources */,
				57EE7FEF25B541F300907A96 /* Frameworks */,
				57EE7FF025B541F300907A96 /* Resources */,
			);
			buildRules = (
			);
			dependencies = (
			);
			name = MyMemory;
			productName = MyMemory;
			productReference = 57EE7FF225B541F300907A96 /* MyMemory.app */;
			productType = "com.apple.product-type.application";
		};
/* End PBXNativeTarget section */

/* Begin PBXProject section */
		57EE7FEA25B541F300907A96 /* Project object */ = {
			isa = PBXProject;
			attributes = {
				LastSwiftUpdateCheck = 1230;
				LastUpgradeCheck = 1230;
				TargetAttributes = {
					57EE7FF125B541F300907A96 = {
						CreatedOnToolsVersion = 12.3;
						LastSwiftMigration = 1230;
					};
				};
			};
			buildConfigurationList = 57EE7FED25B541F300907A96 /* Build configuration list for PBXProject "MyMemory" */;
			compatibilityVersion = "Xcode 9.3";
			developmentRegion = en;
			hasScannedForEncodings = 0;
			knownRegions = (
				en,
				Base,
			);
			mainGroup = 57EE7FE925B541F300907A96;
			productRefGroup = 57EE7FF325B541F300907A96 /* Products */;
			projectDirPath = "";
			projectRoot = "";
			targets = (
				57EE7FF125B541F300907A96 /* MyMemory */,
			);
		};
/* End PBXProject section */

/* Begin PBXResourcesBuildPhase section */
		57EE7FF025B541F300907A96 /* Resources */ = {
			isa = PBXResourcesBuildPhase;
			buildActionMask = 2147483647;
			files = (
				57CED20125BAB35000719DAA /* account@2x.jpg in Resources */,
				57CED20425BAB35000719DAA /* button-bg.png in Resources */,
				57CED17F25BA581900719DAA /* memo-background@2x.png in Resources */,
				57CED20725BAB35000719DAA /* sidemenu.png in Resources */,
				57CED20625BAB35000719DAA /* icon02.png in Resources */,
				57EE800525B541F400907A96 /* LaunchScreen.storyboard in Resources */,
				57CED1FC25BAB35000719DAA /* icon03.png in Resources */,
				57CED1FD25BAB35000719DAA /* icon05.png in Resources */,
				57CED20325BAB35000719DAA /* icon06.png in Resources */,
				57CED20525BAB35000719DAA /* profile-bg.png in Resources */,
				57EE800225B541F400907A96 /* Assets.xcassets in Resources */,
				57CED18025BA581900719DAA /* warning-icon-60@2x.png in Resources */,
				57CED20025BAB35000719DAA /* icon04.png in Resources */,
				57EE7FFD25B541F300907A96 /* Main.storyboard in Resources */,
				57798EC625BFFC25004B7D91 /* Tutorial.storyboard in Resources */,
				57CED1FF25BAB35000719DAA /* icon01.png in Resources */,
			);
			runOnlyForDeploymentPostprocessing = 0;
		};
/* End PBXResourcesBuildPhase section */

/* Begin PBXSourcesBuildPhase section */
		57EE7FEE25B541F300907A96 /* Sources */ = {
			isa = PBXSourcesBuildPhase;
			buildActionMask = 2147483647;
			files = (
				57CED21025BABEB900719DAA /* ProfileVC.swift in Sources */,
				57CED17825BA569600719DAA /* CSLogButton.swift in Sources */,
				57CED20D25BAB60300719DAA /* SideBarVC.swift in Sources */,
				57798EC925BFFF6C004B7D91 /* Utils.swift in Sources */,
				57EE801B25B554AA00907A96 /* MemoCell.swift in Sources */,
				57EE801E25B554F000907A96 /* MemoData.swift in Sources */,
				57EE801025B5539100907A96 /* MemoListVC.swift in Sources */,
				57EE800025B541F300907A96 /* MyMemory.xcdatamodeld in Sources */,
				57EE801625B553E300907A96 /* MemoFormVC.swift in Sources */,
				57EE7FF625B541F300907A96 /* AppDelegate.swift in Sources */,
				57798ED425C0085A004B7D91 /* TutorialMasterVC.swift in Sources */,
				57CED1EE25BAB24600719DAA /* SWRevealViewController.m in Sources */,
				57EE7FF825B541F300907A96 /* SceneDelegate.swift in Sources */,
				5717207325BEBDB80074DE72 /* UserInfoManager.swift in Sources */,
				57798ECC25C00525004B7D91 /* TutorialContentsVC.swift in Sources */,
				57EE801325B553C100907A96 /* MemoReadVC.swift in Sources */,
			);
			runOnlyForDeploymentPostprocessing = 0;
		};
/* End PBXSourcesBuildPhase section */

/* Begin PBXVariantGroup section */
		57EE7FFB25B541F300907A96 /* Main.storyboard */ = {
			isa = PBXVariantGroup;
			children = (
				57EE7FFC25B541F300907A96 /* Base */,
			);
			name = Main.storyboard;
			sourceTree = "<group>";
		};
		57EE800325B541F400907A96 /* LaunchScreen.storyboard */ = {
			isa = PBXVariantGroup;
			children = (
				57EE800425B541F400907A96 /* Base */,
			);
			name = LaunchScreen.storyboard;
			sourceTree = "<group>";
		};
/* End PBXVariantGroup section */

/* Begin XCBuildConfiguration section */
		57EE800725B541F400907A96 /* Debug */ = {
			isa = XCBuildConfiguration;
			buildSettings = {
				ALWAYS_SEARCH_USER_PATHS = NO;
				CLANG_ANALYZER_NONNULL = YES;
				CLANG_ANALYZER_NUMBER_OBJECT_CONVERSION = YES_AGGRESSIVE;
				CLANG_CXX_LANGUAGE_STANDARD = "gnu++14";
				CLANG_CXX_LIBRARY = "libc++";
				CLANG_ENABLE_MODULES = YES;
				CLANG_ENABLE_OBJC_ARC = YES;
				CLANG_ENABLE_OBJC_WEAK = YES;
				CLANG_WARN_BLOCK_CAPTURE_AUTORELEASING = YES;
				CLANG_WARN_BOOL_CONVERSION = YES;
				CLANG_WARN_COMMA = YES;
				CLANG_WARN_CONSTANT_CONVERSION = YES;
				CLANG_WARN_DEPRECATED_OBJC_IMPLEMENTATIONS = YES;
				CLANG_WARN_DIRECT_OBJC_ISA_USAGE = YES_ERROR;
				CLANG_WARN_DOCUMENTATION_COMMENTS = YES;
				CLANG_WARN_EMPTY_BODY = YES;
				CLANG_WARN_ENUM_CONVERSION = YES;
				CLANG_WARN_INFINITE_RECURSION = YES;
				CLANG_WARN_INT_CONVERSION = YES;
				CLANG_WARN_NON_LITERAL_NULL_CONVERSION = YES;
				CLANG_WARN_OBJC_IMPLICIT_RETAIN_SELF = YES;
				CLANG_WARN_OBJC_LITERAL_CONVERSION = YES;
				CLANG_WARN_OBJC_ROOT_CLASS = YES_ERROR;
				CLANG_WARN_QUOTED_INCLUDE_IN_FRAMEWORK_HEADER = YES;
				CLANG_WARN_RANGE_LOOP_ANALYSIS = YES;
				CLANG_WARN_STRICT_PROTOTYPES = YES;
				CLANG_WARN_SUSPICIOUS_MOVE = YES;
				CLANG_WARN_UNGUARDED_AVAILABILITY = YES_AGGRESSIVE;
				CLANG_WARN_UNREACHABLE_CODE = YES;
				CLANG_WARN__DUPLICATE_METHOD_MATCH = YES;
				COPY_PHASE_STRIP = NO;
				DEBUG_INFORMATION_FORMAT = dwarf;
				ENABLE_STRICT_OBJC_MSGSEND = YES;
				ENABLE_TESTABILITY = YES;
				GCC_C_LANGUAGE_STANDARD = gnu11;
				GCC_DYNAMIC_NO_PIC = NO;
				GCC_NO_COMMON_BLOCKS = YES;
				GCC_OPTIMIZATION_LEVEL = 0;
				GCC_PREPROCESSOR_DEFINITIONS = (
					"DEBUG=1",
					"$(inherited)",
				);
				GCC_WARN_64_TO_32_BIT_CONVERSION = YES;
				GCC_WARN_ABOUT_RETURN_TYPE = YES_ERROR;
				GCC_WARN_UNDECLARED_SELECTOR = YES;
				GCC_WARN_UNINITIALIZED_AUTOS = YES_AGGRESSIVE;
				GCC_WARN_UNUSED_FUNCTION = YES;
				GCC_WARN_UNUSED_VARIABLE = YES;
				IPHONEOS_DEPLOYMENT_TARGET = 14.3;
				MTL_ENABLE_DEBUG_INFO = INCLUDE_SOURCE;
				MTL_FAST_MATH = YES;
				ONLY_ACTIVE_ARCH = YES;
				SDKROOT = iphoneos;
				SWIFT_ACTIVE_COMPILATION_CONDITIONS = DEBUG;
				SWIFT_OPTIMIZATION_LEVEL = "-Onone";
			};
			name = Debug;
		};
		57EE800825B541F400907A96 /* Release */ = {
			isa = XCBuildConfiguration;
			buildSettings = {
				ALWAYS_SEARCH_USER_PATHS = NO;
				CLANG_ANALYZER_NONNULL = YES;
				CLANG_ANALYZER_NUMBER_OBJECT_CONVERSION = YES_AGGRESSIVE;
				CLANG_CXX_LANGUAGE_STANDARD = "gnu++14";
				CLANG_CXX_LIBRARY = "libc++";
				CLANG_ENABLE_MODULES = YES;
				CLANG_ENABLE_OBJC_ARC = YES;
				CLANG_ENABLE_OBJC_WEAK = YES;
				CLANG_WARN_BLOCK_CAPTURE_AUTORELEASING = YES;
				CLANG_WARN_BOOL_CONVERSION = YES;
				CLANG_WARN_COMMA = YES;
				CLANG_WARN_CONSTANT_CONVERSION = YES;
				CLANG_WARN_DEPRECATED_OBJC_IMPLEMENTATIONS = YES;
				CLANG_WARN_DIRECT_OBJC_ISA_USAGE = YES_ERROR;
				CLANG_WARN_DOCUMENTATION_COMMENTS = YES;
				CLANG_WARN_EMPTY_BODY = YES;
				CLANG_WARN_ENUM_CONVERSION = YES;
				CLANG_WARN_INFINITE_RECURSION = YES;
				CLANG_WARN_INT_CONVERSION = YES;
				CLANG_WARN_NON_LITERAL_NULL_CONVERSION = YES;
				CLANG_WARN_OBJC_IMPLICIT_RETAIN_SELF = YES;
				CLANG_WARN_OBJC_LITERAL_CONVERSION = YES;
				CLANG_WARN_OBJC_ROOT_CLASS = YES_ERROR;
				CLANG_WARN_QUOTED_INCLUDE_IN_FRAMEWORK_HEADER = YES;
				CLANG_WARN_RANGE_LOOP_ANALYSIS = YES;
				CLANG_WARN_STRICT_PROTOTYPES = YES;
				CLANG_WARN_SUSPICIOUS_MOVE = YES;
				CLANG_WARN_UNGUARDED_AVAILABILITY = YES_AGGRESSIVE;
				CLANG_WARN_UNREACHABLE_CODE = YES;
				CLANG_WARN__DUPLICATE_METHOD_MATCH = YES;
				COPY_PHASE_STRIP = NO;
				DEBUG_INFORMATION_FORMAT = "dwarf-with-dsym";
				ENABLE_NS_ASSERTIONS = NO;
				ENABLE_STRICT_OBJC_MSGSEND = YES;
				GCC_C_LANGUAGE_STANDARD = gnu11;
				GCC_NO_COMMON_BLOCKS = YES;
				GCC_WARN_64_TO_32_BIT_CONVERSION = YES;
				GCC_WARN_ABOUT_RETURN_TYPE = YES_ERROR;
				GCC_WARN_UNDECLARED_SELECTOR = YES;
				GCC_WARN_UNINITIALIZED_AUTOS = YES_AGGRESSIVE;
				GCC_WARN_UNUSED_FUNCTION = YES;
				GCC_WARN_UNUSED_VARIABLE = YES;
				IPHONEOS_DEPLOYMENT_TARGET = 14.3;
				MTL_ENABLE_DEBUG_INFO = NO;
				MTL_FAST_MATH = YES;
				SDKROOT = iphoneos;
				SWIFT_COMPILATION_MODE = wholemodule;
				SWIFT_OPTIMIZATION_LEVEL = "-O";
				VALIDATE_PRODUCT = YES;
			};
			name = Release;
		};
		57EE800A25B541F400907A96 /* Debug */ = {
			isa = XCBuildConfiguration;
			buildSettings = {
				ASSETCATALOG_COMPILER_APPICON_NAME = AppIcon;
				ASSETCATALOG_COMPILER_GLOBAL_ACCENT_COLOR_NAME = AccentColor;
				CLANG_ENABLE_MODULES = YES;
				CODE_SIGN_STYLE = Automatic;
				DEVELOPMENT_TEAM = AK73969HFN;
				INFOPLIST_FILE = MyMemory/Info.plist;
				IPHONEOS_DEPLOYMENT_TARGET = 13.0;
				LD_RUNPATH_SEARCH_PATHS = (
					"$(inherited)",
					"@executable_path/Frameworks",
				);
				PRODUCT_BUNDLE_IDENTIFIER = sobamemil.MyMemory;
				PRODUCT_NAME = "$(TARGET_NAME)";
				SWIFT_OBJC_BRIDGING_HEADER = "MyMemory/MyMemory-Bridging-Header.h";
				SWIFT_OPTIMIZATION_LEVEL = "-Onone";
				SWIFT_VERSION = 5.0;
				TARGETED_DEVICE_FAMILY = 1;
			};
			name = Debug;
		};
		57EE800B25B541F400907A96 /* Release */ = {
			isa = XCBuildConfiguration;
			buildSettings = {
				ASSETCATALOG_COMPILER_APPICON_NAME = AppIcon;
				ASSETCATALOG_COMPILER_GLOBAL_ACCENT_COLOR_NAME = AccentColor;
				CLANG_ENABLE_MODULES = YES;
				CODE_SIGN_STYLE = Automatic;
				DEVELOPMENT_TEAM = AK73969HFN;
				INFOPLIST_FILE = MyMemory/Info.plist;
				IPHONEOS_DEPLOYMENT_TARGET = 13.0;
				LD_RUNPATH_SEARCH_PATHS = (
					"$(inherited)",
					"@executable_path/Frameworks",
				);
				PRODUCT_BUNDLE_IDENTIFIER = sobamemil.MyMemory;
				PRODUCT_NAME = "$(TARGET_NAME)";
				SWIFT_OBJC_BRIDGING_HEADER = "MyMemory/MyMemory-Bridging-Header.h";
				SWIFT_VERSION = 5.0;
				TARGETED_DEVICE_FAMILY = 1;
			};
			name = Release;
		};
/* End XCBuildConfiguration section */

/* Begin XCConfigurationList section */
		57EE7FED25B541F300907A96 /* Build configuration list for PBXProject "MyMemory" */ = {
			isa = XCConfigurationList;
			buildConfigurations = (
				57EE800725B541F400907A96 /* Debug */,
				57EE800825B541F400907A96 /* Release */,
			);
			defaultConfigurationIsVisible = 0;
			defaultConfigurationName = Release;
		};
		57EE800925B541F400907A96 /* Build configuration list for PBXNativeTarget "MyMemory" */ = {
			isa = XCConfigurationList;
			buildConfigurations = (
				57EE800A25B541F400907A96 /* Debug */,
				57EE800B25B541F400907A96 /* Release */,
			);
			defaultConfigurationIsVisible = 0;
			defaultConfigurationName = Release;
		};
/* End XCConfigurationList section */

/* Begin XCVersionGroup section */
		57EE7FFE25B541F300907A96 /* MyMemory.xcdatamodeld */ = {
			isa = XCVersionGroup;
			children = (
				57EE7FFF25B541F300907A96 /* MyMemory.xcdatamodel */,
			);
			currentVersion = 57EE7FFF25B541F300907A96 /* MyMemory.xcdatamodel */;
			path = MyMemory.xcdatamodeld;
			sourceTree = "<group>";
			versionGroupType = wrapper.xcdatamodel;
		};
/* End XCVersionGroup section */
	};
	rootObject = 57EE7FEA25B541F300907A96 /* Project object */;
}
